// !$*UTF8*$!
{
	archiveVersion = 1;
	classes = {
	};
	objectVersion = 51;
	objects = {

/* Begin PBXBuildFile section */
		6BE98C1CB3816941F3984DCC /* Pods_Take5Tests.framework in Frameworks */ = {isa = PBXBuildFile; fileRef = 211C2CD1A305EFE3DD65FF40 /* Pods_Take5Tests.framework */; };
		BE80C70121F10A1B0044799E /* PrivacyViewController.swift in Sources */ = {isa = PBXBuildFile; fileRef = BE80C70021F10A1B0044799E /* PrivacyViewController.swift */; };
		BE8CF09221E7F9EC006C250D /* AppDelegate.swift in Sources */ = {isa = PBXBuildFile; fileRef = BE8CF09121E7F9EC006C250D /* AppDelegate.swift */; };
		BE8CF09421E7F9EC006C250D /* ViewController.swift in Sources */ = {isa = PBXBuildFile; fileRef = BE8CF09321E7F9EC006C250D /* ViewController.swift */; };
		BE8CF09721E7F9EC006C250D /* Main.storyboard in Resources */ = {isa = PBXBuildFile; fileRef = BE8CF09521E7F9EC006C250D /* Main.storyboard */; };
		BE8CF09921E7F9EE006C250D /* Assets.xcassets in Resources */ = {isa = PBXBuildFile; fileRef = BE8CF09821E7F9EE006C250D /* Assets.xcassets */; };
		BE8CF09C21E7F9EE006C250D /* LaunchScreen.storyboard in Resources */ = {isa = PBXBuildFile; fileRef = BE8CF09A21E7F9EE006C250D /* LaunchScreen.storyboard */; };
		BE8CF0A721E7F9EE006C250D /* Take5Tests.swift in Sources */ = {isa = PBXBuildFile; fileRef = BE8CF0A621E7F9EE006C250D /* Take5Tests.swift */; };
		BE8CF0B221E7F9EE006C250D /* Take5UITests.swift in Sources */ = {isa = PBXBuildFile; fileRef = BE8CF0B121E7F9EE006C250D /* Take5UITests.swift */; };
		BEF2C34B21EBF74C000E6F85 /* QuestionViewController.swift in Sources */ = {isa = PBXBuildFile; fileRef = BEF2C34A21EBF74C000E6F85 /* QuestionViewController.swift */; };
		BEF2C34D21EBFCA9000E6F85 /* FastViewController.swift in Sources */ = {isa = PBXBuildFile; fileRef = BEF2C34C21EBFCA9000E6F85 /* FastViewController.swift */; };
		BEF2C35B21EC0595000E6F85 /* ProConViewController.swift in Sources */ = {isa = PBXBuildFile; fileRef = BEF2C35A21EC0595000E6F85 /* ProConViewController.swift */; };
		BEF2C35D21EC05AE000E6F85 /* GutViewController.swift in Sources */ = {isa = PBXBuildFile; fileRef = BEF2C35C21EC05AE000E6F85 /* GutViewController.swift */; };
		BEFD062721EF079100F6F737 /* OpenSans-Bold.ttf in Resources */ = {isa = PBXBuildFile; fileRef = BEFD062221EF078300F6F737 /* OpenSans-Bold.ttf */; };
		BEFD062A21EF079800F6F737 /* OpenSans-ExtraBoldItalic.ttf in Resources */ = {isa = PBXBuildFile; fileRef = BEFD062021EF078300F6F737 /* OpenSans-ExtraBoldItalic.ttf */; };
		BEFD062E21EF079800F6F737 /* OpenSans-Regular.ttf in Resources */ = {isa = PBXBuildFile; fileRef = BEFD061E21EF078200F6F737 /* OpenSans-Regular.ttf */; };
		BEFD062F21EF079800F6F737 /* OpenSans-SemiBold.ttf in Resources */ = {isa = PBXBuildFile; fileRef = BEFD062421EF078300F6F737 /* OpenSans-SemiBold.ttf */; };
		D0861DB12E078B15586EBC02 /* Pods_Take5.framework in Frameworks */ = {isa = PBXBuildFile; fileRef = 642689443E7C0C2FA6237CE0 /* Pods_Take5.framework */; };
		F33AF9DD69A395A45B65CB59 /* Pods_Take5_Take5UITests.framework in Frameworks */ = {isa = PBXBuildFile; fileRef = E9D6B87AB18ACAD0C92D415A /* Pods_Take5_Take5UITests.framework */; };
/* End PBXBuildFile section */

/* Begin PBXContainerItemProxy section */
		BE8CF0A321E7F9EE006C250D /* PBXContainerItemProxy */ = {
			isa = PBXContainerItemProxy;
			containerPortal = BE8CF08621E7F9EC006C250D /* Project object */;
			proxyType = 1;
			remoteGlobalIDString = BE8CF08D21E7F9EC006C250D;
			remoteInfo = Take5;
		};
		BE8CF0AE21E7F9EE006C250D /* PBXContainerItemProxy */ = {
			isa = PBXContainerItemProxy;
			containerPortal = BE8CF08621E7F9EC006C250D /* Project object */;
			proxyType = 1;
			remoteGlobalIDString = BE8CF08D21E7F9EC006C250D;
			remoteInfo = Take5;
		};
/* End PBXContainerItemProxy section */

/* Begin PBXFileReference section */
		211C2CD1A305EFE3DD65FF40 /* Pods_Take5Tests.framework */ = {isa = PBXFileReference; explicitFileType = wrapper.framework; includeInIndex = 0; path = Pods_Take5Tests.framework; sourceTree = BUILT_PRODUCTS_DIR; };
		32C4B515348FE84E3B8EA9F9 /* Pods-Take5Tests.release.xcconfig */ = {isa = PBXFileReference; includeInIndex = 1; lastKnownFileType = text.xcconfig; name = "Pods-Take5Tests.release.xcconfig"; path = "Target Support Files/Pods-Take5Tests/Pods-Take5Tests.release.xcconfig"; sourceTree = "<group>"; };
		3B1DB7E64D9A17C25C48C87F /* Pods-Take5-Take5UITests.release.xcconfig */ = {isa = PBXFileReference; includeInIndex = 1; lastKnownFileType = text.xcconfig; name = "Pods-Take5-Take5UITests.release.xcconfig"; path = "Target Support Files/Pods-Take5-Take5UITests/Pods-Take5-Take5UITests.release.xcconfig"; sourceTree = "<group>"; };
		4A332B5D9EF40C4B8B037F1A /* Pods-Take5.release.xcconfig */ = {isa = PBXFileReference; includeInIndex = 1; lastKnownFileType = text.xcconfig; name = "Pods-Take5.release.xcconfig"; path = "Target Support Files/Pods-Take5/Pods-Take5.release.xcconfig"; sourceTree = "<group>"; };
		642689443E7C0C2FA6237CE0 /* Pods_Take5.framework */ = {isa = PBXFileReference; explicitFileType = wrapper.framework; includeInIndex = 0; path = Pods_Take5.framework; sourceTree = BUILT_PRODUCTS_DIR; };
		7B123A031881CF0EFE6ED768 /* Pods-Take5-Take5UITests.debug.xcconfig */ = {isa = PBXFileReference; includeInIndex = 1; lastKnownFileType = text.xcconfig; name = "Pods-Take5-Take5UITests.debug.xcconfig"; path = "Target Support Files/Pods-Take5-Take5UITests/Pods-Take5-Take5UITests.debug.xcconfig"; sourceTree = "<group>"; };
		A950DD6C10D027D70F969EA1 /* Pods-Take5Tests.debug.xcconfig */ = {isa = PBXFileReference; includeInIndex = 1; lastKnownFileType = text.xcconfig; name = "Pods-Take5Tests.debug.xcconfig"; path = "Target Support Files/Pods-Take5Tests/Pods-Take5Tests.debug.xcconfig"; sourceTree = "<group>"; };
		B11D0DAD1C747B7AC48C128C /* Pods-Take5.debug.xcconfig */ = {isa = PBXFileReference; includeInIndex = 1; lastKnownFileType = text.xcconfig; name = "Pods-Take5.debug.xcconfig"; path = "Target Support Files/Pods-Take5/Pods-Take5.debug.xcconfig"; sourceTree = "<group>"; };
		BE80C70021F10A1B0044799E /* PrivacyViewController.swift */ = {isa = PBXFileReference; lastKnownFileType = sourcecode.swift; path = PrivacyViewController.swift; sourceTree = "<group>"; };
		BE8CF08E21E7F9EC006C250D /* Take5.app */ = {isa = PBXFileReference; explicitFileType = wrapper.application; includeInIndex = 0; path = Take5.app; sourceTree = BUILT_PRODUCTS_DIR; };
		BE8CF09121E7F9EC006C250D /* AppDelegate.swift */ = {isa = PBXFileReference; lastKnownFileType = sourcecode.swift; path = AppDelegate.swift; sourceTree = "<group>"; };
		BE8CF09321E7F9EC006C250D /* ViewController.swift */ = {isa = PBXFileReference; lastKnownFileType = sourcecode.swift; path = ViewController.swift; sourceTree = "<group>"; };
		BE8CF09621E7F9EC006C250D /* Base */ = {isa = PBXFileReference; lastKnownFileType = file.storyboard; name = Base; path = Base.lproj/Main.storyboard; sourceTree = "<group>"; };
		BE8CF09821E7F9EE006C250D /* Assets.xcassets */ = {isa = PBXFileReference; lastKnownFileType = folder.assetcatalog; path = Assets.xcassets; sourceTree = "<group>"; };
		BE8CF09B21E7F9EE006C250D /* Base */ = {isa = PBXFileReference; lastKnownFileType = file.storyboard; name = Base; path = Base.lproj/LaunchScreen.storyboard; sourceTree = "<group>"; };
		BE8CF09D21E7F9EE006C250D /* Info.plist */ = {isa = PBXFileReference; lastKnownFileType = text.plist.xml; path = Info.plist; sourceTree = "<group>"; };
		BE8CF0A221E7F9EE006C250D /* Take5Tests.xctest */ = {isa = PBXFileReference; explicitFileType = wrapper.cfbundle; includeInIndex = 0; path = Take5Tests.xctest; sourceTree = BUILT_PRODUCTS_DIR; };
		BE8CF0A621E7F9EE006C250D /* Take5Tests.swift */ = {isa = PBXFileReference; lastKnownFileType = sourcecode.swift; path = Take5Tests.swift; sourceTree = "<group>"; };
		BE8CF0A821E7F9EE006C250D /* Info.plist */ = {isa = PBXFileReference; lastKnownFileType = text.plist.xml; path = Info.plist; sourceTree = "<group>"; };
		BE8CF0AD21E7F9EE006C250D /* Take5UITests.xctest */ = {isa = PBXFileReference; explicitFileType = wrapper.cfbundle; includeInIndex = 0; path = Take5UITests.xctest; sourceTree = BUILT_PRODUCTS_DIR; };
		BE8CF0B121E7F9EE006C250D /* Take5UITests.swift */ = {isa = PBXFileReference; lastKnownFileType = sourcecode.swift; path = Take5UITests.swift; sourceTree = "<group>"; };
		BE8CF0B321E7F9EE006C250D /* Info.plist */ = {isa = PBXFileReference; lastKnownFileType = text.plist.xml; path = Info.plist; sourceTree = "<group>"; };
		BEF2C34A21EBF74C000E6F85 /* QuestionViewController.swift */ = {isa = PBXFileReference; lastKnownFileType = sourcecode.swift; path = QuestionViewController.swift; sourceTree = "<group>"; };
		BEF2C34C21EBFCA9000E6F85 /* FastViewController.swift */ = {isa = PBXFileReference; lastKnownFileType = sourcecode.swift; path = FastViewController.swift; sourceTree = "<group>"; };
		BEF2C35A21EC0595000E6F85 /* ProConViewController.swift */ = {isa = PBXFileReference; lastKnownFileType = sourcecode.swift; path = ProConViewController.swift; sourceTree = "<group>"; };
		BEF2C35C21EC05AE000E6F85 /* GutViewController.swift */ = {isa = PBXFileReference; lastKnownFileType = sourcecode.swift; path = GutViewController.swift; sourceTree = "<group>"; };
		BEFD061E21EF078200F6F737 /* OpenSans-Regular.ttf */ = {isa = PBXFileReference; lastKnownFileType = file; path = "OpenSans-Regular.ttf"; sourceTree = "<group>"; };
		BEFD062021EF078300F6F737 /* OpenSans-ExtraBoldItalic.ttf */ = {isa = PBXFileReference; lastKnownFileType = file; path = "OpenSans-ExtraBoldItalic.ttf"; sourceTree = "<group>"; };
		BEFD062221EF078300F6F737 /* OpenSans-Bold.ttf */ = {isa = PBXFileReference; lastKnownFileType = file; path = "OpenSans-Bold.ttf"; sourceTree = "<group>"; };
		BEFD062421EF078300F6F737 /* OpenSans-SemiBold.ttf */ = {isa = PBXFileReference; lastKnownFileType = file; path = "OpenSans-SemiBold.ttf"; sourceTree = "<group>"; };
		E9D6B87AB18ACAD0C92D415A /* Pods_Take5_Take5UITests.framework */ = {isa = PBXFileReference; explicitFileType = wrapper.framework; includeInIndex = 0; path = Pods_Take5_Take5UITests.framework; sourceTree = BUILT_PRODUCTS_DIR; };
/* End PBXFileReference section */

/* Begin PBXFrameworksBuildPhase section */
		BE8CF08B21E7F9EC006C250D /* Frameworks */ = {
			isa = PBXFrameworksBuildPhase;
			buildActionMask = 2147483647;
			files = (
				D0861DB12E078B15586EBC02 /* Pods_Take5.framework in Frameworks */,
			);
			runOnlyForDeploymentPostprocessing = 0;
		};
		BE8CF09F21E7F9EE006C250D /* Frameworks */ = {
			isa = PBXFrameworksBuildPhase;
			buildActionMask = 2147483647;
			files = (
				6BE98C1CB3816941F3984DCC /* Pods_Take5Tests.framework in Frameworks */,
			);
			runOnlyForDeploymentPostprocessing = 0;
		};
		BE8CF0AA21E7F9EE006C250D /* Frameworks */ = {
			isa = PBXFrameworksBuildPhase;
			buildActionMask = 2147483647;
			files = (
				F33AF9DD69A395A45B65CB59 /* Pods_Take5_Take5UITests.framework in Frameworks */,
			);
			runOnlyForDeploymentPostprocessing = 0;
		};
/* End PBXFrameworksBuildPhase section */

/* Begin PBXGroup section */
		7ECFF809F06760BFEF1ACA84 /* Frameworks */ = {
			isa = PBXGroup;
			children = (
				642689443E7C0C2FA6237CE0 /* Pods_Take5.framework */,
				E9D6B87AB18ACAD0C92D415A /* Pods_Take5_Take5UITests.framework */,
				211C2CD1A305EFE3DD65FF40 /* Pods_Take5Tests.framework */,
			);
			name = Frameworks;
			sourceTree = "<group>";
		};
		B15756A5EBF38EDB0585AED2 /* Pods */ = {
			isa = PBXGroup;
			children = (
				B11D0DAD1C747B7AC48C128C /* Pods-Take5.debug.xcconfig */,
				4A332B5D9EF40C4B8B037F1A /* Pods-Take5.release.xcconfig */,
				7B123A031881CF0EFE6ED768 /* Pods-Take5-Take5UITests.debug.xcconfig */,
				3B1DB7E64D9A17C25C48C87F /* Pods-Take5-Take5UITests.release.xcconfig */,
				A950DD6C10D027D70F969EA1 /* Pods-Take5Tests.debug.xcconfig */,
				32C4B515348FE84E3B8EA9F9 /* Pods-Take5Tests.release.xcconfig */,
			);
			path = Pods;
			sourceTree = "<group>";
		};
		BE8CF08521E7F9EC006C250D = {
			isa = PBXGroup;
			children = (
				BE8CF09021E7F9EC006C250D /* Take5 */,
				BE8CF0A521E7F9EE006C250D /* Take5Tests */,
				BE8CF0B021E7F9EE006C250D /* Take5UITests */,
				BE8CF08F21E7F9EC006C250D /* Products */,
				B15756A5EBF38EDB0585AED2 /* Pods */,
				7ECFF809F06760BFEF1ACA84 /* Frameworks */,
			);
			sourceTree = "<group>";
		};
		BE8CF08F21E7F9EC006C250D /* Products */ = {
			isa = PBXGroup;
			children = (
				BE8CF08E21E7F9EC006C250D /* Take5.app */,
				BE8CF0A221E7F9EE006C250D /* Take5Tests.xctest */,
				BE8CF0AD21E7F9EE006C250D /* Take5UITests.xctest */,
			);
			name = Products;
			sourceTree = "<group>";
		};
		BE8CF09021E7F9EC006C250D /* Take5 */ = {
			isa = PBXGroup;
			children = (
				BE8CF09121E7F9EC006C250D /* AppDelegate.swift */,
				BE8CF09321E7F9EC006C250D /* ViewController.swift */,
				BE8CF09521E7F9EC006C250D /* Main.storyboard */,
				BE80C70021F10A1B0044799E /* PrivacyViewController.swift */,
				BEF2C35A21EC0595000E6F85 /* ProConViewController.swift */,
				BEF2C35C21EC05AE000E6F85 /* GutViewController.swift */,
				BEF2C34C21EBFCA9000E6F85 /* FastViewController.swift */,
				BEF2C34A21EBF74C000E6F85 /* QuestionViewController.swift */,
				BE8CF09821E7F9EE006C250D /* Assets.xcassets */,
				BE8CF09A21E7F9EE006C250D /* LaunchScreen.storyboard */,
				BE8CF09D21E7F9EE006C250D /* Info.plist */,
				BEFD062221EF078300F6F737 /* OpenSans-Bold.ttf */,
				BEFD062021EF078300F6F737 /* OpenSans-ExtraBoldItalic.ttf */,
				BEFD061E21EF078200F6F737 /* OpenSans-Regular.ttf */,
				BEFD062421EF078300F6F737 /* OpenSans-SemiBold.ttf */,
			);
			path = Take5;
			sourceTree = "<group>";
		};
		BE8CF0A521E7F9EE006C250D /* Take5Tests */ = {
			isa = PBXGroup;
			children = (
				BE8CF0A621E7F9EE006C250D /* Take5Tests.swift */,
				BE8CF0A821E7F9EE006C250D /* Info.plist */,
			);
			path = Take5Tests;
			sourceTree = "<group>";
		};
		BE8CF0B021E7F9EE006C250D /* Take5UITests */ = {
			isa = PBXGroup;
			children = (
				BE8CF0B121E7F9EE006C250D /* Take5UITests.swift */,
				BE8CF0B321E7F9EE006C250D /* Info.plist */,
			);
			path = Take5UITests;
			sourceTree = "<group>";
		};
/* End PBXGroup section */

/* Begin PBXNativeTarget section */
		BE8CF08D21E7F9EC006C250D /* Take5 */ = {
			isa = PBXNativeTarget;
			buildConfigurationList = BE8CF0B621E7F9EE006C250D /* Build configuration list for PBXNativeTarget "Take5" */;
			buildPhases = (
				48F830EB3F54D2800B8BB8D4 /* [CP] Check Pods Manifest.lock */,
				BE8CF08A21E7F9EC006C250D /* Sources */,
				BE8CF08B21E7F9EC006C250D /* Frameworks */,
				BE8CF08C21E7F9EC006C250D /* Resources */,
				29EC1C03A5D00E785854F9BE /* [CP] Embed Pods Frameworks */,
			);
			buildRules = (
			);
			dependencies = (
			);
			name = Take5;
			productName = Take5;
			productReference = BE8CF08E21E7F9EC006C250D /* Take5.app */;
			productType = "com.apple.product-type.application";
		};
		BE8CF0A121E7F9EE006C250D /* Take5Tests */ = {
			isa = PBXNativeTarget;
			buildConfigurationList = BE8CF0B921E7F9EE006C250D /* Build configuration list for PBXNativeTarget "Take5Tests" */;
			buildPhases = (
				F8A7545E4886FDBC7C39E43B /* [CP] Check Pods Manifest.lock */,
				BE8CF09E21E7F9EE006C250D /* Sources */,
				BE8CF09F21E7F9EE006C250D /* Frameworks */,
				BE8CF0A021E7F9EE006C250D /* Resources */,
			);
			buildRules = (
			);
			dependencies = (
				BE8CF0A421E7F9EE006C250D /* PBXTargetDependency */,
			);
			name = Take5Tests;
			productName = Take5Tests;
			productReference = BE8CF0A221E7F9EE006C250D /* Take5Tests.xctest */;
			productType = "com.apple.product-type.bundle.unit-test";
		};
		BE8CF0AC21E7F9EE006C250D /* Take5UITests */ = {
			isa = PBXNativeTarget;
			buildConfigurationList = BE8CF0BC21E7F9EE006C250D /* Build configuration list for PBXNativeTarget "Take5UITests" */;
			buildPhases = (
				EB834D9BAA0D09F2F52B772E /* [CP] Check Pods Manifest.lock */,
				BE8CF0A921E7F9EE006C250D /* Sources */,
				BE8CF0AA21E7F9EE006C250D /* Frameworks */,
				BE8CF0AB21E7F9EE006C250D /* Resources */,
				E44D7B692089749835A79519 /* [CP] Embed Pods Frameworks */,
			);
			buildRules = (
			);
			dependencies = (
				BE8CF0AF21E7F9EE006C250D /* PBXTargetDependency */,
			);
			name = Take5UITests;
			productName = Take5UITests;
			productReference = BE8CF0AD21E7F9EE006C250D /* Take5UITests.xctest */;
			productType = "com.apple.product-type.bundle.ui-testing";
		};
/* End PBXNativeTarget section */

/* Begin PBXProject section */
		BE8CF08621E7F9EC006C250D /* Project object */ = {
			isa = PBXProject;
			attributes = {
				LastSwiftUpdateCheck = 1010;
				LastUpgradeCheck = 1010;
				ORGANIZATIONNAME = "Hao Wu";
				TargetAttributes = {
					BE8CF08D21E7F9EC006C250D = {
						CreatedOnToolsVersion = 10.1;
					};
					BE8CF0A121E7F9EE006C250D = {
						CreatedOnToolsVersion = 10.1;
						TestTargetID = BE8CF08D21E7F9EC006C250D;
					};
					BE8CF0AC21E7F9EE006C250D = {
						CreatedOnToolsVersion = 10.1;
						TestTargetID = BE8CF08D21E7F9EC006C250D;
					};
				};
			};
			buildConfigurationList = BE8CF08921E7F9EC006C250D /* Build configuration list for PBXProject "Take5" */;
			compatibilityVersion = "Xcode 9.3";
			developmentRegion = en;
			hasScannedForEncodings = 0;
			knownRegions = (
				en,
				Base,
			);
			mainGroup = BE8CF08521E7F9EC006C250D;
			productRefGroup = BE8CF08F21E7F9EC006C250D /* Products */;
			projectDirPath = "";
			projectRoot = "";
			targets = (
				BE8CF08D21E7F9EC006C250D /* Take5 */,
				BE8CF0A121E7F9EE006C250D /* Take5Tests */,
				BE8CF0AC21E7F9EE006C250D /* Take5UITests */,
			);
		};
/* End PBXProject section */

/* Begin PBXResourcesBuildPhase section */
		BE8CF08C21E7F9EC006C250D /* Resources */ = {
			isa = PBXResourcesBuildPhase;
			buildActionMask = 2147483647;
			files = (
				BE8CF09C21E7F9EE006C250D /* LaunchScreen.storyboard in Resources */,
				BEFD062E21EF079800F6F737 /* OpenSans-Regular.ttf in Resources */,
				BEFD062A21EF079800F6F737 /* OpenSans-ExtraBoldItalic.ttf in Resources */,
				BEFD062F21EF079800F6F737 /* OpenSans-SemiBold.ttf in Resources */,
				BE8CF09921E7F9EE006C250D /* Assets.xcassets in Resources */,
				BEFD062721EF079100F6F737 /* OpenSans-Bold.ttf in Resources */,
				BE8CF09721E7F9EC006C250D /* Main.storyboard in Resources */,
			);
			runOnlyForDeploymentPostprocessing = 0;
		};
		BE8CF0A021E7F9EE006C250D /* Resources */ = {
			isa = PBXResourcesBuildPhase;
			buildActionMask = 2147483647;
			files = (
			);
			runOnlyForDeploymentPostprocessing = 0;
		};
		BE8CF0AB21E7F9EE006C250D /* Resources */ = {
			isa = PBXResourcesBuildPhase;
			buildActionMask = 2147483647;
			files = (
			);
			runOnlyForDeploymentPostprocessing = 0;
		};
/* End PBXResourcesBuildPhase section */

/* Begin PBXShellScriptBuildPhase section */
		29EC1C03A5D00E785854F9BE /* [CP] Embed Pods Frameworks */ = {
			isa = PBXShellScriptBuildPhase;
			buildActionMask = 2147483647;
			files = (
			);
			inputFileListPaths = (
				"${PODS_ROOT}/Target Support Files/Pods-Take5/Pods-Take5-frameworks-${CONFIGURATION}-input-files.xcfilelist",
			);
			name = "[CP] Embed Pods Frameworks";
			outputFileListPaths = (
				"${PODS_ROOT}/Target Support Files/Pods-Take5/Pods-Take5-frameworks-${CONFIGURATION}-output-files.xcfilelist",
			);
			runOnlyForDeploymentPostprocessing = 0;
			shellPath = /bin/sh;
			shellScript = "\"${PODS_ROOT}/Target Support Files/Pods-Take5/Pods-Take5-frameworks.sh\"\n";
			showEnvVarsInLog = 0;
		};
		48F830EB3F54D2800B8BB8D4 /* [CP] Check Pods Manifest.lock */ = {
			isa = PBXShellScriptBuildPhase;
			buildActionMask = 2147483647;
			files = (
			);
			inputFileListPaths = (
			);
			inputPaths = (
				"${PODS_PODFILE_DIR_PATH}/Podfile.lock",
				"${PODS_ROOT}/Manifest.lock",
			);
			name = "[CP] Check Pods Manifest.lock";
			outputFileListPaths = (
			);
			outputPaths = (
				"$(DERIVED_FILE_DIR)/Pods-Take5-checkManifestLockResult.txt",
			);
			runOnlyForDeploymentPostprocessing = 0;
			shellPath = /bin/sh;
			shellScript = "diff \"${PODS_PODFILE_DIR_PATH}/Podfile.lock\" \"${PODS_ROOT}/Manifest.lock\" > /dev/null\nif [ $? != 0 ] ; then\n    # print error to STDERR\n    echo \"error: The sandbox is not in sync with the Podfile.lock. Run 'pod install' or update your CocoaPods installation.\" >&2\n    exit 1\nfi\n# This output is used by Xcode 'outputs' to avoid re-running this script phase.\necho \"SUCCESS\" > \"${SCRIPT_OUTPUT_FILE_0}\"\n";
			showEnvVarsInLog = 0;
		};
		E44D7B692089749835A79519 /* [CP] Embed Pods Frameworks */ = {
			isa = PBXShellScriptBuildPhase;
			buildActionMask = 2147483647;
			files = (
			);
			inputFileListPaths = (
				"${PODS_ROOT}/Target Support Files/Pods-Take5-Take5UITests/Pods-Take5-Take5UITests-frameworks-${CONFIGURATION}-input-files.xcfilelist",
			);
			name = "[CP] Embed Pods Frameworks";
			outputFileListPaths = (
				"${PODS_ROOT}/Target Support Files/Pods-Take5-Take5UITests/Pods-Take5-Take5UITests-frameworks-${CONFIGURATION}-output-files.xcfilelist",
			);
			runOnlyForDeploymentPostprocessing = 0;
			shellPath = /bin/sh;
			shellScript = "\"${PODS_ROOT}/Target Support Files/Pods-Take5-Take5UITests/Pods-Take5-Take5UITests-frameworks.sh\"\n";
			showEnvVarsInLog = 0;
		};
		EB834D9BAA0D09F2F52B772E /* [CP] Check Pods Manifest.lock */ = {
			isa = PBXShellScriptBuildPhase;
			buildActionMask = 2147483647;
			files = (
			);
			inputFileListPaths = (
			);
			inputPaths = (
				"${PODS_PODFILE_DIR_PATH}/Podfile.lock",
				"${PODS_ROOT}/Manifest.lock",
			);
			name = "[CP] Check Pods Manifest.lock";
			outputFileListPaths = (
			);
			outputPaths = (
				"$(DERIVED_FILE_DIR)/Pods-Take5-Take5UITests-checkManifestLockResult.txt",
			);
			runOnlyForDeploymentPostprocessing = 0;
			shellPath = /bin/sh;
			shellScript = "diff \"${PODS_PODFILE_DIR_PATH}/Podfile.lock\" \"${PODS_ROOT}/Manifest.lock\" > /dev/null\nif [ $? != 0 ] ; then\n    # print error to STDERR\n    echo \"error: The sandbox is not in sync with the Podfile.lock. Run 'pod install' or update your CocoaPods installation.\" >&2\n    exit 1\nfi\n# This output is used by Xcode 'outputs' to avoid re-running this script phase.\necho \"SUCCESS\" > \"${SCRIPT_OUTPUT_FILE_0}\"\n";
			showEnvVarsInLog = 0;
		};
		F8A7545E4886FDBC7C39E43B /* [CP] Check Pods Manifest.lock */ = {
			isa = PBXShellScriptBuildPhase;
			buildActionMask = 2147483647;
			files = (
			);
			inputFileListPaths = (
			);
			inputPaths = (
				"${PODS_PODFILE_DIR_PATH}/Podfile.lock",
				"${PODS_ROOT}/Manifest.lock",
			);
			name = "[CP] Check Pods Manifest.lock";
			outputFileListPaths = (
			);
			outputPaths = (
				"$(DERIVED_FILE_DIR)/Pods-Take5Tests-checkManifestLockResult.txt",
			);
			runOnlyForDeploymentPostprocessing = 0;
			shellPath = /bin/sh;
			shellScript = "diff \"${PODS_PODFILE_DIR_PATH}/Podfile.lock\" \"${PODS_ROOT}/Manifest.lock\" > /dev/null\nif [ $? != 0 ] ; then\n    # print error to STDERR\n    echo \"error: The sandbox is not in sync with the Podfile.lock. Run 'pod install' or update your CocoaPods installation.\" >&2\n    exit 1\nfi\n# This output is used by Xcode 'outputs' to avoid re-running this script phase.\necho \"SUCCESS\" > \"${SCRIPT_OUTPUT_FILE_0}\"\n";
			showEnvVarsInLog = 0;
		};
/* End PBXShellScriptBuildPhase section */

/* Begin PBXSourcesBuildPhase section */
		BE8CF08A21E7F9EC006C250D /* Sources */ = {
			isa = PBXSourcesBuildPhase;
			buildActionMask = 2147483647;
			files = (
				BEF2C34D21EBFCA9000E6F85 /* FastViewController.swift in Sources */,
				BE80C70121F10A1B0044799E /* PrivacyViewController.swift in Sources */,
				BEF2C34B21EBF74C000E6F85 /* QuestionViewController.swift in Sources */,
				BEF2C35D21EC05AE000E6F85 /* GutViewController.swift in Sources */,
				BE8CF09421E7F9EC006C250D /* ViewController.swift in Sources */,
				BEF2C35B21EC0595000E6F85 /* ProConViewController.swift in Sources */,
				BE8CF09221E7F9EC006C250D /* AppDelegate.swift in Sources */,
			);
			runOnlyForDeploymentPostprocessing = 0;
		};
		BE8CF09E21E7F9EE006C250D /* Sources */ = {
			isa = PBXSourcesBuildPhase;
			buildActionMask = 2147483647;
			files = (
				BE8CF0A721E7F9EE006C250D /* Take5Tests.swift in Sources */,
			);
			runOnlyForDeploymentPostprocessing = 0;
		};
		BE8CF0A921E7F9EE006C250D /* Sources */ = {
			isa = PBXSourcesBuildPhase;
			buildActionMask = 2147483647;
			files = (
				BE8CF0B221E7F9EE006C250D /* Take5UITests.swift in Sources */,
			);
			runOnlyForDeploymentPostprocessing = 0;
		};
/* End PBXSourcesBuildPhase section */

/* Begin PBXTargetDependency section */
		BE8CF0A421E7F9EE006C250D /* PBXTargetDependency */ = {
			isa = PBXTargetDependency;
			target = BE8CF08D21E7F9EC006C250D /* Take5 */;
			targetProxy = BE8CF0A321E7F9EE006C250D /* PBXContainerItemProxy */;
		};
		BE8CF0AF21E7F9EE006C250D /* PBXTargetDependency */ = {
			isa = PBXTargetDependency;
			target = BE8CF08D21E7F9EC006C250D /* Take5 */;
			targetProxy = BE8CF0AE21E7F9EE006C250D /* PBXContainerItemProxy */;
		};
/* End PBXTargetDependency section */

/* Begin PBXVariantGroup section */
		BE8CF09521E7F9EC006C250D /* Main.storyboard */ = {
			isa = PBXVariantGroup;
			children = (
				BE8CF09621E7F9EC006C250D /* Base */,
			);
			name = Main.storyboard;
			sourceTree = "<group>";
		};
		BE8CF09A21E7F9EE006C250D /* LaunchScreen.storyboard */ = {
			isa = PBXVariantGroup;
			children = (
				BE8CF09B21E7F9EE006C250D /* Base */,
			);
			name = LaunchScreen.storyboard;
			sourceTree = "<group>";
		};
/* End PBXVariantGroup section */

/* Begin XCBuildConfiguration section */
		BE8CF0B421E7F9EE006C250D /* Debug */ = {
			isa = XCBuildConfiguration;
			buildSettings = {
				ALWAYS_SEARCH_USER_PATHS = NO;
				CLANG_ANALYZER_NONNULL = YES;
				CLANG_ANALYZER_NUMBER_OBJECT_CONVERSION = YES_AGGRESSIVE;
				CLANG_CXX_LANGUAGE_STANDARD = "gnu++14";
				CLANG_CXX_LIBRARY = "libc++";
				CLANG_ENABLE_MODULES = YES;
				CLANG_ENABLE_OBJC_ARC = YES;
				CLANG_ENABLE_OBJC_WEAK = YES;
				CLANG_WARN_BLOCK_CAPTURE_AUTORELEASING = YES;
				CLANG_WARN_BOOL_CONVERSION = YES;
				CLANG_WARN_COMMA = YES;
				CLANG_WARN_CONSTANT_CONVERSION = YES;
				CLANG_WARN_DEPRECATED_OBJC_IMPLEMENTATIONS = YES;
				CLANG_WARN_DIRECT_OBJC_ISA_USAGE = YES_ERROR;
				CLANG_WARN_DOCUMENTATION_COMMENTS = YES;
				CLANG_WARN_EMPTY_BODY = YES;
				CLANG_WARN_ENUM_CONVERSION = YES;
				CLANG_WARN_INFINITE_RECURSION = YES;
				CLANG_WARN_INT_CONVERSION = YES;
				CLANG_WARN_NON_LITERAL_NULL_CONVERSION = YES;
				CLANG_WARN_OBJC_IMPLICIT_RETAIN_SELF = YES;
				CLANG_WARN_OBJC_LITERAL_CONVERSION = YES;
				CLANG_WARN_OBJC_ROOT_CLASS = YES_ERROR;
				CLANG_WARN_RANGE_LOOP_ANALYSIS = YES;
				CLANG_WARN_STRICT_PROTOTYPES = YES;
				CLANG_WARN_SUSPICIOUS_MOVE = YES;
				CLANG_WARN_UNGUARDED_AVAILABILITY = YES_AGGRESSIVE;
				CLANG_WARN_UNREACHABLE_CODE = YES;
				CLANG_WARN__DUPLICATE_METHOD_MATCH = YES;
				CODE_SIGN_IDENTITY = "iPhone Developer";
				COPY_PHASE_STRIP = NO;
				DEBUG_INFORMATION_FORMAT = dwarf;
				ENABLE_STRICT_OBJC_MSGSEND = YES;
				ENABLE_TESTABILITY = YES;
				GCC_C_LANGUAGE_STANDARD = gnu11;
				GCC_DYNAMIC_NO_PIC = NO;
				GCC_NO_COMMON_BLOCKS = YES;
				GCC_OPTIMIZATION_LEVEL = 0;
				GCC_PREPROCESSOR_DEFINITIONS = (
					"DEBUG=1",
					"$(inherited)",
				);
				GCC_WARN_64_TO_32_BIT_CONVERSION = YES;
				GCC_WARN_ABOUT_RETURN_TYPE = YES_ERROR;
				GCC_WARN_UNDECLARED_SELECTOR = YES;
				GCC_WARN_UNINITIALIZED_AUTOS = YES_AGGRESSIVE;
				GCC_WARN_UNUSED_FUNCTION = YES;
				GCC_WARN_UNUSED_VARIABLE = YES;
				IPHONEOS_DEPLOYMENT_TARGET = 12.1;
				MTL_ENABLE_DEBUG_INFO = INCLUDE_SOURCE;
				MTL_FAST_MATH = YES;
				ONLY_ACTIVE_ARCH = YES;
				SDKROOT = iphoneos;
				SWIFT_ACTIVE_COMPILATION_CONDITIONS = DEBUG;
				SWIFT_OPTIMIZATION_LEVEL = "-Onone";
			};
			name = Debug;
		};
		BE8CF0B521E7F9EE006C250D /* Release */ = {
			isa = XCBuildConfiguration;
			buildSettings = {
				ALWAYS_SEARCH_USER_PATHS = NO;
				CLANG_ANALYZER_NONNULL = YES;
				CLANG_ANALYZER_NUMBER_OBJECT_CONVERSION = YES_AGGRESSIVE;
				CLANG_CXX_LANGUAGE_STANDARD = "gnu++14";
				CLANG_CXX_LIBRARY = "libc++";
				CLANG_ENABLE_MODULES = YES;
				CLANG_ENABLE_OBJC_ARC = YES;
				CLANG_ENABLE_OBJC_WEAK = YES;
				CLANG_WARN_BLOCK_CAPTURE_AUTORELEASING = YES;
				CLANG_WARN_BOOL_CONVERSION = YES;
				CLANG_WARN_COMMA = YES;
				CLANG_WARN_CONSTANT_CONVERSION = YES;
				CLANG_WARN_DEPRECATED_OBJC_IMPLEMENTATIONS = YES;
				CLANG_WARN_DIRECT_OBJC_ISA_USAGE = YES_ERROR;
				CLANG_WARN_DOCUMENTATION_COMMENTS = YES;
				CLANG_WARN_EMPTY_BODY = YES;
				CLANG_WARN_ENUM_CONVERSION = YES;
				CLANG_WARN_INFINITE_RECURSION = YES;
				CLANG_WARN_INT_CONVERSION = YES;
				CLANG_WARN_NON_LITERAL_NULL_CONVERSION = YES;
				CLANG_WARN_OBJC_IMPLICIT_RETAIN_SELF = YES;
				CLANG_WARN_OBJC_LITERAL_CONVERSION = YES;
				CLANG_WARN_OBJC_ROOT_CLASS = YES_ERROR;
				CLANG_WARN_RANGE_LOOP_ANALYSIS = YES;
				CLANG_WARN_STRICT_PROTOTYPES = YES;
				CLANG_WARN_SUSPICIOUS_MOVE = YES;
				CLANG_WARN_UNGUARDED_AVAILABILITY = YES_AGGRESSIVE;
				CLANG_WARN_UNREACHABLE_CODE = YES;
				CLANG_WARN__DUPLICATE_METHOD_MATCH = YES;
				CODE_SIGN_IDENTITY = "iPhone Developer";
				COPY_PHASE_STRIP = NO;
				DEBUG_INFORMATION_FORMAT = "dwarf-with-dsym";
				ENABLE_NS_ASSERTIONS = NO;
				ENABLE_STRICT_OBJC_MSGSEND = YES;
				GCC_C_LANGUAGE_STANDARD = gnu11;
				GCC_NO_COMMON_BLOCKS = YES;
				GCC_WARN_64_TO_32_BIT_CONVERSION = YES;
				GCC_WARN_ABOUT_RETURN_TYPE = YES_ERROR;
				GCC_WARN_UNDECLARED_SELECTOR = YES;
				GCC_WARN_UNINITIALIZED_AUTOS = YES_AGGRESSIVE;
				GCC_WARN_UNUSED_FUNCTION = YES;
				GCC_WARN_UNUSED_VARIABLE = YES;
				IPHONEOS_DEPLOYMENT_TARGET = 12.1;
				MTL_ENABLE_DEBUG_INFO = NO;
				MTL_FAST_MATH = YES;
				SDKROOT = iphoneos;
				SWIFT_COMPILATION_MODE = wholemodule;
				SWIFT_OPTIMIZATION_LEVEL = "-O";
				VALIDATE_PRODUCT = YES;
			};
			name = Release;
		};
		BE8CF0B721E7F9EE006C250D /* Debug */ = {
			isa = XCBuildConfiguration;
			baseConfigurationReference = B11D0DAD1C747B7AC48C128C /* Pods-Take5.debug.xcconfig */;
			buildSettings = {
				ASSETCATALOG_COMPILER_APPICON_NAME = AppIcon;
				CODE_SIGN_STYLE = Automatic;
				DEVELOPMENT_TEAM = 35ZK849627;
				INFOPLIST_FILE = Take5/Info.plist;
				IPHONEOS_DEPLOYMENT_TARGET = 12.1;
				LD_RUNPATH_SEARCH_PATHS = (
					"$(inherited)",
					"@executable_path/Frameworks",
				);
				PRODUCT_BUNDLE_IDENTIFIER = Hao.Take5;
				PRODUCT_NAME = "$(TARGET_NAME)";
				SWIFT_VERSION = 4.2;
				TARGETED_DEVICE_FAMILY = 1;
			};
			name = Debug;
		};
		BE8CF0B821E7F9EE006C250D /* Release */ = {
			isa = XCBuildConfiguration;
			baseConfigurationReference = 4A332B5D9EF40C4B8B037F1A /* Pods-Take5.release.xcconfig */;
			buildSettings = {
				ASSETCATALOG_COMPILER_APPICON_NAME = AppIcon;
				CODE_SIGN_STYLE = Automatic;
				DEVELOPMENT_TEAM = 35ZK849627;
				INFOPLIST_FILE = Take5/Info.plist;
				IPHONEOS_DEPLOYMENT_TARGET = 12.1;
				LD_RUNPATH_SEARCH_PATHS = (
					"$(inherited)",
					"@executable_path/Frameworks",
				);
				PRODUCT_BUNDLE_IDENTIFIER = Hao.Take5;
				PRODUCT_NAME = "$(TARGET_NAME)";
				SWIFT_VERSION = 4.2;
				TARGETED_DEVICE_FAMILY = 1;
			};
			name = Release;
		};
		BE8CF0BA21E7F9EE006C250D /* Debug */ = {
			isa = XCBuildConfiguration;
			baseConfigurationReference = A950DD6C10D027D70F969EA1 /* Pods-Take5Tests.debug.xcconfig */;
			buildSettings = {
				ALWAYS_EMBED_SWIFT_STANDARD_LIBRARIES = YES;
				BUNDLE_LOADER = "$(TEST_HOST)";
				CODE_SIGN_STYLE = Automatic;
				INFOPLIST_FILE = Take5Tests/Info.plist;
				LD_RUNPATH_SEARCH_PATHS = (
					"$(inherited)",
					"@executable_path/Frameworks",
					"@loader_path/Frameworks",
				);
				PRODUCT_BUNDLE_IDENTIFIER = Hao.Take5Tests;
				PRODUCT_NAME = "$(TARGET_NAME)";
				SWIFT_VERSION = 4.2;
				TARGETED_DEVICE_FAMILY = "1,2";
				TEST_HOST = "$(BUILT_PRODUCTS_DIR)/Take5.app/Take5";
			};
			name = Debug;
		};
		BE8CF0BB21E7F9EE006C250D /* Release */ = {
			isa = XCBuildConfiguration;
			baseConfigurationReference = 32C4B515348FE84E3B8EA9F9 /* Pods-Take5Tests.release.xcconfig */;
			buildSettings = {
				ALWAYS_EMBED_SWIFT_STANDARD_LIBRARIES = YES;
				BUNDLE_LOADER = "$(TEST_HOST)";
				CODE_SIGN_STYLE = Automatic;
				INFOPLIST_FILE = Take5Tests/Info.plist;
				LD_RUNPATH_SEARCH_PATHS = (
					"$(inherited)",
					"@executable_path/Frameworks",
					"@loader_path/Frameworks",
				);
				PRODUCT_BUNDLE_IDENTIFIER = Hao.Take5Tests;
				PRODUCT_NAME = "$(TARGET_NAME)";
				SWIFT_VERSION = 4.2;
				TARGETED_DEVICE_FAMILY = "1,2";
				TEST_HOST = "$(BUILT_PRODUCTS_DIR)/Take5.app/Take5";
			};
			name = Release;
		};
		BE8CF0BD21E7F9EE006C250D /* Debug */ = {
			isa = XCBuildConfiguration;
			baseConfigurationReference = 7B123A031881CF0EFE6ED768 /* Pods-Take5-Take5UITests.debug.xcconfig */;
			buildSettings = {
				ALWAYS_EMBED_SWIFT_STANDARD_LIBRARIES = YES;
				CODE_SIGN_STYLE = Automatic;
				INFOPLIST_FILE = Take5UITests/Info.plist;
				LD_RUNPATH_SEARCH_PATHS = (
					"$(inherited)",
					"@executable_path/Frameworks",
					"@loader_path/Frameworks",
				);
				PRODUCT_BUNDLE_IDENTIFIER = Hao.Take5UITests;
				PRODUCT_NAME = "$(TARGET_NAME)";
				SWIFT_VERSION = 4.2;
				TARGETED_DEVICE_FAMILY = "1,2";
				TEST_TARGET_NAME = Take5;
			};
			name = Debug;
		};
		BE8CF0BE21E7F9EE006C250D /* Release */ = {
			isa = XCBuildConfiguration;
			baseConfigurationReference = 3B1DB7E64D9A17C25C48C87F /* Pods-Take5-Take5UITests.release.xcconfig */;
			buildSettings = {
				ALWAYS_EMBED_SWIFT_STANDARD_LIBRARIES = YES;
				CODE_SIGN_STYLE = Automatic;
				INFOPLIST_FILE = Take5UITests/Info.plist;
				LD_RUNPATH_SEARCH_PATHS = (
					"$(inherited)",
					"@executable_path/Frameworks",
					"@loader_path/Frameworks",
				);
				PRODUCT_BUNDLE_IDENTIFIER = Hao.Take5UITests;
				PRODUCT_NAME = "$(TARGET_NAME)";
				SWIFT_VERSION = 4.2;
				TARGETED_DEVICE_FAMILY = "1,2";
				TEST_TARGET_NAME = Take5;
			};
			name = Release;
		};
/* End XCBuildConfiguration section */

/* Begin XCConfigurationList section */
		BE8CF08921E7F9EC006C250D /* Build configuration list for PBXProject "Take5" */ = {
			isa = XCConfigurationList;
			buildConfigurations = (
				BE8CF0B421E7F9EE006C250D /* Debug */,
				BE8CF0B521E7F9EE006C250D /* Release */,
			);
			defaultConfigurationIsVisible = 0;
			defaultConfigurationName = Release;
		};
		BE8CF0B621E7F9EE006C250D /* Build configuration list for PBXNativeTarget "Take5" */ = {
			isa = XCConfigurationList;
			buildConfigurations = (
				BE8CF0B721E7F9EE006C250D /* Debug */,
				BE8CF0B821E7F9EE006C250D /* Release */,
			);
			defaultConfigurationIsVisible = 0;
			defaultConfigurationName = Release;
		};
		BE8CF0B921E7F9EE006C250D /* Build configuration list for PBXNativeTarget "Take5Tests" */ = {
			isa = XCConfigurationList;
			buildConfigurations = (
				BE8CF0BA21E7F9EE006C250D /* Debug */,
				BE8CF0BB21E7F9EE006C250D /* Release */,
			);
			defaultConfigurationIsVisible = 0;
			defaultConfigurationName = Release;
		};
		BE8CF0BC21E7F9EE006C250D /* Build configuration list for PBXNativeTarget "Take5UITests" */ = {
			isa = XCConfigurationList;
			buildConfigurations = (
				BE8CF0BD21E7F9EE006C250D /* Debug */,
				BE8CF0BE21E7F9EE006C250D /* Release */,
			);
			defaultConfigurationIsVisible = 0;
			defaultConfigurationName = Release;
		};
/* End XCConfigurationList section */
	};
	rootObject = BE8CF08621E7F9EC006C250D /* Project object */;
}
